
Microsoft Visual Studio Solution File, Format Version 12.00
# Visual Studio 15
VisualStudioVersion = 15.0.27703.2035
MinimumVisualStudioVersion = 10.0.40219.1
Project("{FAE04EC0-301F-11D3-BF4B-00C04F79EFBC}") = "SharpBurp", "SharpBurp\SharpBurp.csproj", "{D8113C9E-1E8F-4E44-A1B4-479D0EA6202E}"
EndProject
Project("{FAE04EC0-301F-11D3-BF4B-00C04F79EFBC}") = "NmapLib", "NmapLib\NmapLib.csproj", "{DAD48919-39E8-4E97-A529-5F4889237B66}"
EndProject
Project("{FAE04EC0-301F-11D3-BF4B-00C04F79EFBC}") = "BurpSuiteLib", "BurpSuiteLib\BurpSuiteLib.csproj", "{14B7F046-C579-4FFE-A46C-2C58A1FFD595}"
EndProject
Global
	GlobalSection(SolutionConfigurationPlatforms) = preSolution
		Debug|Any CPU = Debug|Any CPU
		Release|Any CPU = Release|Any CPU
	EndGlobalSection
	GlobalSection(ProjectConfigurationPlatforms) = postSolution
		{D8113C9E-1E8F-4E44-A1B4-479D0EA6202E}.Debug|Any CPU.ActiveCfg = Debug|Any CPU
		{D8113C9E-1E8F-4E44-A1B4-479D0EA6202E}.Debug|Any CPU.Build.0 = Debug|Any CPU
		{D8113C9E-1E8F-4E44-A1B4-479D0EA6202E}.Release|Any CPU.ActiveCfg = Release|Any CPU
		{D8113C9E-1E8F-4E44-A1B4-479D0EA6202E}.Release|Any CPU.Build.0 = Release|Any CPU
		{DAD48919-39E8-4E97-A529-5F4889237B66}.Debug|Any CPU.ActiveCfg = Debug|Any CPU
		{DAD48919-39E8-4E97-A529-5F4889237B66}.Debug|Any CPU.Build.0 = Debug|Any CPU
		{DAD48919-39E8-4E97-A529-5F4889237B66}.Release|Any CPU.ActiveCfg = Release|Any CPU
		{DAD48919-39E8-4E97-A529-5F4889237B66}.Release|Any CPU.Build.0 = Release|Any CPU
		{14B7F046-C579-4FFE-A46C-2C58A1FFD595}.Debug|Any CPU.ActiveCfg = Debug|Any CPU
		{14B7F046-C579-4FFE-A46C-2C58A1FFD595}.Debug|Any CPU.Build.0 = Debug|Any CPU
		{14B7F046-C579-4FFE-A46C-2C58A1FFD595}.Release|Any CPU.ActiveCfg = Release|Any CPU
		{14B7F046-C579-4FFE-A46C-2C58A1FFD595}.Release|Any CPU.Build.0 = Release|Any CPU
	EndGlobalSection
	GlobalSection(SolutionProperties) = preSolution
		HideSolutionNode = FALSE
	EndGlobalSection
	GlobalSection(ExtensibilityGlobals) = postSolution
		SolutionGuid = {1FF0C1B6-3086-46C2-A26B-6B65DAAE5A22}
	EndGlobalSection
EndGlobal
